// !$*UTF8*$!
{
	archiveVersion = 1;
	classes = {
	};
	objectVersion = 46;
	objects = {

/* Begin PBXBuildFile section */
		D51BCEEE1E463422001945DE /* CSV.swift in Sources */ = {isa = PBXBuildFile; fileRef = D51BCEED1E463422001945DE /* CSV.swift */; };
		D5972AB11E39BFF60099196C /* AppDelegate.swift in Sources */ = {isa = PBXBuildFile; fileRef = D5972AB01E39BFF60099196C /* AppDelegate.swift */; };
		D5972AB31E39BFF60099196C /* ViewController.swift in Sources */ = {isa = PBXBuildFile; fileRef = D5972AB21E39BFF60099196C /* ViewController.swift */; };
		D5972AB61E39BFF60099196C /* Main.storyboard in Resources */ = {isa = PBXBuildFile; fileRef = D5972AB41E39BFF60099196C /* Main.storyboard */; };
		D5972AB81E39BFF60099196C /* Assets.xcassets in Resources */ = {isa = PBXBuildFile; fileRef = D5972AB71E39BFF60099196C /* Assets.xcassets */; };
		D5972ABB1E39BFF60099196C /* LaunchScreen.storyboard in Resources */ = {isa = PBXBuildFile; fileRef = D5972AB91E39BFF60099196C /* LaunchScreen.storyboard */; };
		D5972AC31E39C9DE0099196C /* pokemon.csv in Resources */ = {isa = PBXBuildFile; fileRef = D5972AC21E39C9DE0099196C /* pokemon.csv */; };
		D5972AC61E39D6890099196C /* Pokemon.swift in Sources */ = {isa = PBXBuildFile; fileRef = D5972AC51E39D6890099196C /* Pokemon.swift */; };
		D5CCAD201E43B3C4001ED2B0 /* PokeCell.swift in Sources */ = {isa = PBXBuildFile; fileRef = D5CCAD1F1E43B3C4001ED2B0 /* PokeCell.swift */; };
/* End PBXBuildFile section */

/* Begin PBXFileReference section */
		D51BCEED1E463422001945DE /* CSV.swift */ = {isa = PBXFileReference; fileEncoding = 4; lastKnownFileType = sourcecode.swift; path = CSV.swift; sourceTree = "<group>"; };
		D5972AAD1E39BFF60099196C /* Pokedex-HackaTrap.app */ = {isa = PBXFileReference; explicitFileType = wrapper.application; includeInIndex = 0; path = "Pokedex-HackaTrap.app"; sourceTree = BUILT_PRODUCTS_DIR; };
		D5972AB01E39BFF60099196C /* AppDelegate.swift */ = {isa = PBXFileReference; lastKnownFileType = sourcecode.swift; path = AppDelegate.swift; sourceTree = "<group>"; };
		D5972AB21E39BFF60099196C /* ViewController.swift */ = {isa = PBXFileReference; lastKnownFileType = sourcecode.swift; path = ViewController.swift; sourceTree = "<group>"; };
		D5972AB51E39BFF60099196C /* Base */ = {isa = PBXFileReference; lastKnownFileType = file.storyboard; name = Base; path = Base.lproj/Main.storyboard; sourceTree = "<group>"; };
		D5972AB71E39BFF60099196C /* Assets.xcassets */ = {isa = PBXFileReference; lastKnownFileType = folder.assetcatalog; path = Assets.xcassets; sourceTree = "<group>"; };
		D5972ABA1E39BFF60099196C /* Base */ = {isa = PBXFileReference; lastKnownFileType = file.storyboard; name = Base; path = Base.lproj/LaunchScreen.storyboard; sourceTree = "<group>"; };
		D5972ABC1E39BFF60099196C /* Info.plist */ = {isa = PBXFileReference; lastKnownFileType = text.plist.xml; path = Info.plist; sourceTree = "<group>"; };
		D5972AC21E39C9DE0099196C /* pokemon.csv */ = {isa = PBXFileReference; fileEncoding = 4; lastKnownFileType = text; name = pokemon.csv; path = ../../../../Desktop/pokeapi/data/v1/pokemon.csv; sourceTree = "<group>"; };
		D5972AC51E39D6890099196C /* Pokemon.swift */ = {isa = PBXFileReference; fileEncoding = 4; lastKnownFileType = sourcecode.swift; path = Pokemon.swift; sourceTree = "<group>"; };
		D5CCAD1F1E43B3C4001ED2B0 /* PokeCell.swift */ = {isa = PBXFileReference; fileEncoding = 4; lastKnownFileType = sourcecode.swift; path = PokeCell.swift; sourceTree = "<group>"; };
/* End PBXFileReference section */

/* Begin PBXFrameworksBuildPhase section */
		D5972AAA1E39BFF60099196C /* Frameworks */ = {
			isa = PBXFrameworksBuildPhase;
			buildActionMask = 2147483647;
			files = (
			);
			runOnlyForDeploymentPostprocessing = 0;
		};
/* End PBXFrameworksBuildPhase section */

/* Begin PBXGroup section */
		D5972AA41E39BFF60099196C = {
			isa = PBXGroup;
			children = (
				D5972AAF1E39BFF60099196C /* Pokedex-HackaTrap */,
				D5972AAE1E39BFF60099196C /* Products */,
			);
			sourceTree = "<group>";
		};
		D5972AAE1E39BFF60099196C /* Products */ = {
			isa = PBXGroup;
			children = (
				D5972AAD1E39BFF60099196C /* Pokedex-HackaTrap.app */,
			);
			name = Products;
			sourceTree = "<group>";
		};
		D5972AAF1E39BFF60099196C /* Pokedex-HackaTrap */ = {
			isa = PBXGroup;
			children = (
				D5CCAD1E1E43B335001ED2B0 /* controller */,
				D5CCAD1D1E43B32F001ED2B0 /* view */,
				D5972AC41E39D6740099196C /* Model */,
				D5972AB01E39BFF60099196C /* AppDelegate.swift */,
				D5972AB21E39BFF60099196C /* ViewController.swift */,
				D5972AB41E39BFF60099196C /* Main.storyboard */,
				D5972AB71E39BFF60099196C /* Assets.xcassets */,
				D5972AB91E39BFF60099196C /* LaunchScreen.storyboard */,
				D5972ABC1E39BFF60099196C /* Info.plist */,
				D5972AC21E39C9DE0099196C /* pokemon.csv */,
				D51BCEED1E463422001945DE /* CSV.swift */,
			);
			path = "Pokedex-HackaTrap";
			sourceTree = "<group>";
		};
		D5972AC41E39D6740099196C /* Model */ = {
			isa = PBXGroup;
			children = (
				D5972AC51E39D6890099196C /* Pokemon.swift */,
			);
			name = Model;
			sourceTree = "<group>";
		};
		D5CCAD1D1E43B32F001ED2B0 /* view */ = {
			isa = PBXGroup;
			children = (
				D5CCAD1F1E43B3C4001ED2B0 /* PokeCell.swift */,
			);
			name = view;
			sourceTree = "<group>";
		};
		D5CCAD1E1E43B335001ED2B0 /* controller */ = {
			isa = PBXGroup;
			children = (
			);
			name = controller;
			sourceTree = "<group>";
		};
/* End PBXGroup section */

/* Begin PBXNativeTarget section */
		D5972AAC1E39BFF60099196C /* Pokedex-HackaTrap */ = {
			isa = PBXNativeTarget;
			buildConfigurationList = D5972ABF1E39BFF60099196C /* Build configuration list for PBXNativeTarget "Pokedex-HackaTrap" */;
			buildPhases = (
				D5972AA91E39BFF60099196C /* Sources */,
				D5972AAA1E39BFF60099196C /* Frameworks */,
				D5972AAB1E39BFF60099196C /* Resources */,
			);
			buildRules = (
			);
			dependencies = (
			);
			name = "Pokedex-HackaTrap";
			productName = "Pokedex-HackaTrap";
			productReference = D5972AAD1E39BFF60099196C /* Pokedex-HackaTrap.app */;
			productType = "com.apple.product-type.application";
		};
/* End PBXNativeTarget section */

/* Begin PBXProject section */
		D5972AA51E39BFF60099196C /* Project object */ = {
			isa = PBXProject;
			attributes = {
				LastSwiftUpdateCheck = 0820;
				LastUpgradeCheck = 0820;
				ORGANIZATIONNAME = "Michaud Reyna";
				TargetAttributes = {
					D5972AAC1E39BFF60099196C = {
						CreatedOnToolsVersion = 8.2.1;
						DevelopmentTeam = 87FQW5288L;
						ProvisioningStyle = Automatic;
					};
				};
			};
			buildConfigurationList = D5972AA81E39BFF60099196C /* Build configuration list for PBXProject "Pokedex-HackaTrap" */;
			compatibilityVersion = "Xcode 3.2";
			developmentRegion = English;
			hasScannedForEncodings = 0;
			knownRegions = (
				en,
				Base,
			);
			mainGroup = D5972AA41E39BFF60099196C;
			productRefGroup = D5972AAE1E39BFF60099196C /* Products */;
			projectDirPath = "";
			projectRoot = "";
			targets = (
				D5972AAC1E39BFF60099196C /* Pokedex-HackaTrap */,
			);
		};
/* End PBXProject section */

/* Begin PBXResourcesBuildPhase section */
		D5972AAB1E39BFF60099196C /* Resources */ = {
			isa = PBXResourcesBuildPhase;
			buildActionMask = 2147483647;
			files = (
				D5972ABB1E39BFF60099196C /* LaunchScreen.storyboard in Resources */,
				D5972AB81E39BFF60099196C /* Assets.xcassets in Resources */,
				D5972AC31E39C9DE0099196C /* pokemon.csv in Resources */,
				D5972AB61E39BFF60099196C /* Main.storyboard in Resources */,
			);
			runOnlyForDeploymentPostprocessing = 0;
		};
/* End PBXResourcesBuildPhase section */

/* Begin PBXSourcesBuildPhase section */
		D5972AA91E39BFF60099196C /* Sources */ = {
			isa = PBXSourcesBuildPhase;
			buildActionMask = 2147483647;
			files = (
				D5CCAD201E43B3C4001ED2B0 /* PokeCell.swift in Sources */,
				D5972AB31E39BFF60099196C /* ViewController.swift in Sources */,
				D51BCEEE1E463422001945DE /* CSV.swift in Sources */,
				D5972AB11E39BFF60099196C /* AppDelegate.swift in Sources */,
				D5972AC61E39D6890099196C /* Pokemon.swift in Sources */,
			);
			runOnlyForDeploymentPostprocessing = 0;
		};
/* End PBXSourcesBuildPhase section */

/* Begin PBXVariantGroup section */
		D5972AB41E39BFF60099196C /* Main.storyboard */ = {
			isa = PBXVariantGroup;
			children = (
				D5972AB51E39BFF60099196C /* Base */,
			);
			name = Main.storyboard;
			sourceTree = "<group>";
		};
		D5972AB91E39BFF60099196C /* LaunchScreen.storyboard */ = {
			isa = PBXVariantGroup;
			children = (
				D5972ABA1E39BFF60099196C /* Base */,
			);
			name = LaunchScreen.storyboard;
			sourceTree = "<group>";
		};
/* End PBXVariantGroup section */

/* Begin XCBuildConfiguration section */
		D5972ABD1E39BFF60099196C /* Debug */ = {
			isa = XCBuildConfiguration;
			buildSettings = {
				ALWAYS_SEARCH_USER_PATHS = NO;
				CLANG_ANALYZER_NONNULL = YES;
				CLANG_CXX_LANGUAGE_STANDARD = "gnu++0x";
				CLANG_CXX_LIBRARY = "libc++";
				CLANG_ENABLE_MODULES = YES;
				CLANG_ENABLE_OBJC_ARC = YES;
				CLANG_WARN_BOOL_CONVERSION = YES;
				CLANG_WARN_CONSTANT_CONVERSION = YES;
				CLANG_WARN_DIRECT_OBJC_ISA_USAGE = YES_ERROR;
				CLANG_WARN_DOCUMENTATION_COMMENTS = YES;
				CLANG_WARN_EMPTY_BODY = YES;
				CLANG_WARN_ENUM_CONVERSION = YES;
				CLANG_WARN_INFINITE_RECURSION = YES;
				CLANG_WARN_INT_CONVERSION = YES;
				CLANG_WARN_OBJC_ROOT_CLASS = YES_ERROR;
				CLANG_WARN_SUSPICIOUS_MOVE = YES;
				CLANG_WARN_UNREACHABLE_CODE = YES;
				CLANG_WARN__DUPLICATE_METHOD_MATCH = YES;
				"CODE_SIGN_IDENTITY[sdk=iphoneos*]" = "iPhone Developer";
				COPY_PHASE_STRIP = NO;
				DEBUG_INFORMATION_FORMAT = dwarf;
				ENABLE_STRICT_OBJC_MSGSEND = YES;
				ENABLE_TESTABILITY = YES;
				GCC_C_LANGUAGE_STANDARD = gnu99;
				GCC_DYNAMIC_NO_PIC = NO;
				GCC_NO_COMMON_BLOCKS = YES;
				GCC_OPTIMIZATION_LEVEL = 0;
				GCC_PREPROCESSOR_DEFINITIONS = (
					"DEBUG=1",
					"$(inherited)",
				);
				GCC_WARN_64_TO_32_BIT_CONVERSION = YES;
				GCC_WARN_ABOUT_RETURN_TYPE = YES_ERROR;
				GCC_WARN_UNDECLARED_SELECTOR = YES;
				GCC_WARN_UNINITIALIZED_AUTOS = YES_AGGRESSIVE;
				GCC_WARN_UNUSED_FUNCTION = YES;
				GCC_WARN_UNUSED_VARIABLE = YES;
				IPHONEOS_DEPLOYMENT_TARGET = 10.2;
				MTL_ENABLE_DEBUG_INFO = YES;
				ONLY_ACTIVE_ARCH = YES;
				SDKROOT = iphoneos;
				SWIFT_ACTIVE_COMPILATION_CONDITIONS = DEBUG;
				SWIFT_OPTIMIZATION_LEVEL = "-Onone";
				TARGETED_DEVICE_FAMILY = "1,2";
			};
			name = Debug;
		};
		D5972ABE1E39BFF60099196C /* Release */ = {
			isa = XCBuildConfiguration;
			buildSettings = {
				ALWAYS_SEARCH_USER_PATHS = NO;
				CLANG_ANALYZER_NONNULL = YES;
				CLANG_CXX_LANGUAGE_STANDARD = "gnu++0x";
				CLANG_CXX_LIBRARY = "libc++";
				CLANG_ENABLE_MODULES = YES;
				CLANG_ENABLE_OBJC_ARC = YES;
				CLANG_WARN_BOOL_CONVERSION = YES;
				CLANG_WARN_CONSTANT_CONVERSION = YES;
				CLANG_WARN_DIRECT_OBJC_ISA_USAGE = YES_ERROR;
				CLANG_WARN_DOCUMENTATION_COMMENTS = YES;
				CLANG_WARN_EMPTY_BODY = YES;
				CLANG_WARN_ENUM_CONVERSION = YES;
				CLANG_WARN_INFINITE_RECURSION = YES;
				CLANG_WARN_INT_CONVERSION = YES;
				CLANG_WARN_OBJC_ROOT_CLASS = YES_ERROR;
				CLANG_WARN_SUSPICIOUS_MOVE = YES;
				CLANG_WARN_UNREACHABLE_CODE = YES;
				CLANG_WARN__DUPLICATE_METHOD_MATCH = YES;
				"CODE_SIGN_IDENTITY[sdk=iphoneos*]" = "iPhone Developer";
				COPY_PHASE_STRIP = NO;
				DEBUG_INFORMATION_FORMAT = "dwarf-with-dsym";
				ENABLE_NS_ASSERTIONS = NO;
				ENABLE_STRICT_OBJC_MSGSEND = YES;
				GCC_C_LANGUAGE_STANDARD = gnu99;
				GCC_NO_COMMON_BLOCKS = YES;
				GCC_WARN_64_TO_32_BIT_CONVERSION = YES;
				GCC_WARN_ABOUT_RETURN_TYPE = YES_ERROR;
				GCC_WARN_UNDECLARED_SELECTOR = YES;
				GCC_WARN_UNINITIALIZED_AUTOS = YES_AGGRESSIVE;
				GCC_WARN_UNUSED_FUNCTION = YES;
				GCC_WARN_UNUSED_VARIABLE = YES;
				IPHONEOS_DEPLOYMENT_TARGET = 10.2;
				MTL_ENABLE_DEBUG_INFO = NO;
				SDKROOT = iphoneos;
				SWIFT_OPTIMIZATION_LEVEL = "-Owholemodule";
				TARGETED_DEVICE_FAMILY = "1,2";
				VALIDATE_PRODUCT = YES;
			};
			name = Release;
		};
		D5972AC01E39BFF60099196C /* Debug */ = {
			isa = XCBuildConfiguration;
			buildSettings = {
				ASSETCATALOG_COMPILER_APPICON_NAME = AppIcon;
				DEVELOPMENT_TEAM = 87FQW5288L;
				INFOPLIST_FILE = "Pokedex-HackaTrap/Info.plist";
				LD_RUNPATH_SEARCH_PATHS = "$(inherited) @executable_path/Frameworks";
				PRODUCT_BUNDLE_IDENTIFIER = "Michaud-Reyna.Pokedex-HackaTrap";
				PRODUCT_NAME = "$(TARGET_NAME)";
				SWIFT_VERSION = 3.0;
			};
			name = Debug;
		};
		D5972AC11E39BFF60099196C /* Release */ = {
			isa = XCBuildConfiguration;
			buildSettings = {
				ASSETCATALOG_COMPILER_APPICON_NAME = AppIcon;
				DEVELOPMENT_TEAM = 87FQW5288L;
				INFOPLIST_FILE = "Pokedex-HackaTrap/Info.plist";
				LD_RUNPATH_SEARCH_PATHS = "$(inherited) @executable_path/Frameworks";
				PRODUCT_BUNDLE_IDENTIFIER = "Michaud-Reyna.Pokedex-HackaTrap";
				PRODUCT_NAME = "$(TARGET_NAME)";
				SWIFT_VERSION = 3.0;
			};
			name = Release;
		};
/* End XCBuildConfiguration section */

/* Begin XCConfigurationList section */
		D5972AA81E39BFF60099196C /* Build configuration list for PBXProject "Pokedex-HackaTrap" */ = {
			isa = XCConfigurationList;
			buildConfigurations = (
				D5972ABD1E39BFF60099196C /* Debug */,
				D5972ABE1E39BFF60099196C /* Release */,
			);
			defaultConfigurationIsVisible = 0;
			defaultConfigurationName = Release;
		};
		D5972ABF1E39BFF60099196C /* Build configuration list for PBXNativeTarget "Pokedex-HackaTrap" */ = {
			isa = XCConfigurationList;
			buildConfigurations = (
				D5972AC01E39BFF60099196C /* Debug */,
				D5972AC11E39BFF60099196C /* Release */,
			);
			defaultConfigurationIsVisible = 0;
			defaultConfigurationName = Release;
		};
/* End XCConfigurationList section */
	};
	rootObject = D5972AA51E39BFF60099196C /* Project object */;
}
